// !$*UTF8*$!
{
	archiveVersion = 1;
	classes = {
	};
	objectVersion = 55;
	objects = {

/* Begin PBXBuildFile section */
		DA10AC5328E42B1B00D91EE5 /* UserRepo.swift in Sources */ = {isa = PBXBuildFile; fileRef = DA10AC5228E42B1B00D91EE5 /* UserRepo.swift */; };
		DA2D465628E0687D006B4EF4 /* AppDelegate.swift in Sources */ = {isa = PBXBuildFile; fileRef = DA2D465528E0687D006B4EF4 /* AppDelegate.swift */; };
		DA2D465A28E0687D006B4EF4 /* ViewController.swift in Sources */ = {isa = PBXBuildFile; fileRef = DA2D465928E0687D006B4EF4 /* ViewController.swift */; };
		DA2D465D28E0687D006B4EF4 /* Main.storyboard in Resources */ = {isa = PBXBuildFile; fileRef = DA2D465B28E0687D006B4EF4 /* Main.storyboard */; };
		DA2D465F28E0687E006B4EF4 /* Assets.xcassets in Resources */ = {isa = PBXBuildFile; fileRef = DA2D465E28E0687E006B4EF4 /* Assets.xcassets */; };
		DA2D466228E0687E006B4EF4 /* LaunchScreen.storyboard in Resources */ = {isa = PBXBuildFile; fileRef = DA2D466028E0687E006B4EF4 /* LaunchScreen.storyboard */; };
		DA2D466D28E0687E006B4EF4 /* DemoRestfulApiTests.swift in Sources */ = {isa = PBXBuildFile; fileRef = DA2D466C28E0687E006B4EF4 /* DemoRestfulApiTests.swift */; };
		DA2D467728E0687E006B4EF4 /* DemoRestfulApiUITests.swift in Sources */ = {isa = PBXBuildFile; fileRef = DA2D467628E0687E006B4EF4 /* DemoRestfulApiUITests.swift */; };
		DA2D467928E0687E006B4EF4 /* DemoRestfulApiUITestsLaunchTests.swift in Sources */ = {isa = PBXBuildFile; fileRef = DA2D467828E0687E006B4EF4 /* DemoRestfulApiUITestsLaunchTests.swift */; };
		DA2D469928E08676006B4EF4 /* AppProperties.swift in Sources */ = {isa = PBXBuildFile; fileRef = DA2D469228E08676006B4EF4 /* AppProperties.swift */; };
		DA2D469A28E08676006B4EF4 /* ApiService.swift in Sources */ = {isa = PBXBuildFile; fileRef = DA2D469428E08676006B4EF4 /* ApiService.swift */; };
		DA2D469B28E08676006B4EF4 /* HTTPMethod.swift in Sources */ = {isa = PBXBuildFile; fileRef = DA2D469528E08676006B4EF4 /* HTTPMethod.swift */; };
		DA2D469C28E08676006B4EF4 /* WebService.swift in Sources */ = {isa = PBXBuildFile; fileRef = DA2D469628E08676006B4EF4 /* WebService.swift */; };
		DA2D46A228E08702006B4EF4 /* LoginViewController.swift in Sources */ = {isa = PBXBuildFile; fileRef = DA2D46A128E08702006B4EF4 /* LoginViewController.swift */; };
		DA2D46A428E08710006B4EF4 /* LoginViewModel.swift in Sources */ = {isa = PBXBuildFile; fileRef = DA2D46A328E08710006B4EF4 /* LoginViewModel.swift */; };
		DA2D46A628E08735006B4EF4 /* UserViewController.swift in Sources */ = {isa = PBXBuildFile; fileRef = DA2D46A528E08735006B4EF4 /* UserViewController.swift */; };
		DA2D46A828E0874A006B4EF4 /* UserViewController.xib in Resources */ = {isa = PBXBuildFile; fileRef = DA2D46A728E0874A006B4EF4 /* UserViewController.xib */; };
		DA2D46AA28E08753006B4EF4 /* UserViewModel.swift in Sources */ = {isa = PBXBuildFile; fileRef = DA2D46A928E08753006B4EF4 /* UserViewModel.swift */; };
		DA2D46AC28E08775006B4EF4 /* Observerable.swift in Sources */ = {isa = PBXBuildFile; fileRef = DA2D46AB28E08775006B4EF4 /* Observerable.swift */; };
		DA2D46AF28E087AD006B4EF4 /* good.png in Resources */ = {isa = PBXBuildFile; fileRef = DA2D46AE28E087AD006B4EF4 /* good.png */; };
		DA2D46B128E0890F006B4EF4 /* BaseViewController.swift in Sources */ = {isa = PBXBuildFile; fileRef = DA2D46B028E0890F006B4EF4 /* BaseViewController.swift */; };
		DA2D46B328E08FA9006B4EF4 /* LoginRepo.swift in Sources */ = {isa = PBXBuildFile; fileRef = DA2D46B228E08FA9006B4EF4 /* LoginRepo.swift */; };
		DA2D46B528E095CE006B4EF4 /* Extensions.swift in Sources */ = {isa = PBXBuildFile; fileRef = DA2D46B428E095CE006B4EF4 /* Extensions.swift */; };
		DA7E12C128E87226001446CD /* BaseViewMethod.swift in Sources */ = {isa = PBXBuildFile; fileRef = DA7E12C028E87226001446CD /* BaseViewMethod.swift */; };
		DAA3E94828E0A57B00C72994 /* DataStorage.swift in Sources */ = {isa = PBXBuildFile; fileRef = DAA3E94728E0A57B00C72994 /* DataStorage.swift */; };
		DAA3E94A28E0C5AE00C72994 /* Tools.swift in Sources */ = {isa = PBXBuildFile; fileRef = DAA3E94928E0C5AE00C72994 /* Tools.swift */; };
		DAA3E94C28E0E61C00C72994 /* UpdatingUsersRepo.swift in Sources */ = {isa = PBXBuildFile; fileRef = DAA3E94B28E0E61C00C72994 /* UpdatingUsersRepo.swift */; };
/* End PBXBuildFile section */

/* Begin PBXContainerItemProxy section */
		DA2D466928E0687E006B4EF4 /* PBXContainerItemProxy */ = {
			isa = PBXContainerItemProxy;
			containerPortal = DA2D464A28E0687D006B4EF4 /* Project object */;
			proxyType = 1;
			remoteGlobalIDString = DA2D465128E0687D006B4EF4;
			remoteInfo = DemoRestfulApi;
		};
		DA2D467328E0687E006B4EF4 /* PBXContainerItemProxy */ = {
			isa = PBXContainerItemProxy;
			containerPortal = DA2D464A28E0687D006B4EF4 /* Project object */;
			proxyType = 1;
			remoteGlobalIDString = DA2D465128E0687D006B4EF4;
			remoteInfo = DemoRestfulApi;
		};
/* End PBXContainerItemProxy section */

/* Begin PBXFileReference section */
		DA10AC5228E42B1B00D91EE5 /* UserRepo.swift */ = {isa = PBXFileReference; lastKnownFileType = sourcecode.swift; path = UserRepo.swift; sourceTree = "<group>"; };
		DA2D465228E0687D006B4EF4 /* DemoRestfulApi.app */ = {isa = PBXFileReference; explicitFileType = wrapper.application; includeInIndex = 0; path = DemoRestfulApi.app; sourceTree = BUILT_PRODUCTS_DIR; };
		DA2D465528E0687D006B4EF4 /* AppDelegate.swift */ = {isa = PBXFileReference; lastKnownFileType = sourcecode.swift; path = AppDelegate.swift; sourceTree = "<group>"; };
		DA2D465928E0687D006B4EF4 /* ViewController.swift */ = {isa = PBXFileReference; lastKnownFileType = sourcecode.swift; path = ViewController.swift; sourceTree = "<group>"; };
		DA2D465C28E0687D006B4EF4 /* Base */ = {isa = PBXFileReference; lastKnownFileType = file.storyboard; name = Base; path = Base.lproj/Main.storyboard; sourceTree = "<group>"; };
		DA2D465E28E0687E006B4EF4 /* Assets.xcassets */ = {isa = PBXFileReference; lastKnownFileType = folder.assetcatalog; path = Assets.xcassets; sourceTree = "<group>"; };
		DA2D466128E0687E006B4EF4 /* Base */ = {isa = PBXFileReference; lastKnownFileType = file.storyboard; name = Base; path = Base.lproj/LaunchScreen.storyboard; sourceTree = "<group>"; };
		DA2D466328E0687E006B4EF4 /* Info.plist */ = {isa = PBXFileReference; lastKnownFileType = text.plist.xml; path = Info.plist; sourceTree = "<group>"; };
		DA2D466828E0687E006B4EF4 /* DemoRestfulApiTests.xctest */ = {isa = PBXFileReference; explicitFileType = wrapper.cfbundle; includeInIndex = 0; path = DemoRestfulApiTests.xctest; sourceTree = BUILT_PRODUCTS_DIR; };
		DA2D466C28E0687E006B4EF4 /* DemoRestfulApiTests.swift */ = {isa = PBXFileReference; lastKnownFileType = sourcecode.swift; path = DemoRestfulApiTests.swift; sourceTree = "<group>"; };
		DA2D467228E0687E006B4EF4 /* DemoRestfulApiUITests.xctest */ = {isa = PBXFileReference; explicitFileType = wrapper.cfbundle; includeInIndex = 0; path = DemoRestfulApiUITests.xctest; sourceTree = BUILT_PRODUCTS_DIR; };
		DA2D467628E0687E006B4EF4 /* DemoRestfulApiUITests.swift */ = {isa = PBXFileReference; lastKnownFileType = sourcecode.swift; path = DemoRestfulApiUITests.swift; sourceTree = "<group>"; };
		DA2D467828E0687E006B4EF4 /* DemoRestfulApiUITestsLaunchTests.swift */ = {isa = PBXFileReference; lastKnownFileType = sourcecode.swift; path = DemoRestfulApiUITestsLaunchTests.swift; sourceTree = "<group>"; };
		DA2D469228E08676006B4EF4 /* AppProperties.swift */ = {isa = PBXFileReference; fileEncoding = 4; lastKnownFileType = sourcecode.swift; path = AppProperties.swift; sourceTree = "<group>"; };
		DA2D469428E08676006B4EF4 /* ApiService.swift */ = {isa = PBXFileReference; fileEncoding = 4; lastKnownFileType = sourcecode.swift; path = ApiService.swift; sourceTree = "<group>"; };
		DA2D469528E08676006B4EF4 /* HTTPMethod.swift */ = {isa = PBXFileReference; fileEncoding = 4; lastKnownFileType = sourcecode.swift; path = HTTPMethod.swift; sourceTree = "<group>"; };
		DA2D469628E08676006B4EF4 /* WebService.swift */ = {isa = PBXFileReference; fileEncoding = 4; lastKnownFileType = sourcecode.swift; path = WebService.swift; sourceTree = "<group>"; };
		DA2D46A128E08702006B4EF4 /* LoginViewController.swift */ = {isa = PBXFileReference; lastKnownFileType = sourcecode.swift; path = LoginViewController.swift; sourceTree = "<group>"; };
		DA2D46A328E08710006B4EF4 /* LoginViewModel.swift */ = {isa = PBXFileReference; lastKnownFileType = sourcecode.swift; path = LoginViewModel.swift; sourceTree = "<group>"; };
		DA2D46A528E08735006B4EF4 /* UserViewController.swift */ = {isa = PBXFileReference; lastKnownFileType = sourcecode.swift; path = UserViewController.swift; sourceTree = "<group>"; };
		DA2D46A728E0874A006B4EF4 /* UserViewController.xib */ = {isa = PBXFileReference; lastKnownFileType = file.xib; path = UserViewController.xib; sourceTree = "<group>"; };
		DA2D46A928E08753006B4EF4 /* UserViewModel.swift */ = {isa = PBXFileReference; lastKnownFileType = sourcecode.swift; path = UserViewModel.swift; sourceTree = "<group>"; };
		DA2D46AB28E08775006B4EF4 /* Observerable.swift */ = {isa = PBXFileReference; fileEncoding = 4; lastKnownFileType = sourcecode.swift; path = Observerable.swift; sourceTree = "<group>"; };
		DA2D46AE28E087AD006B4EF4 /* good.png */ = {isa = PBXFileReference; lastKnownFileType = image.png; path = good.png; sourceTree = "<group>"; };
		DA2D46B028E0890F006B4EF4 /* BaseViewController.swift */ = {isa = PBXFileReference; lastKnownFileType = sourcecode.swift; path = BaseViewController.swift; sourceTree = "<group>"; };
		DA2D46B228E08FA9006B4EF4 /* LoginRepo.swift */ = {isa = PBXFileReference; lastKnownFileType = sourcecode.swift; path = LoginRepo.swift; sourceTree = "<group>"; };
		DA2D46B428E095CE006B4EF4 /* Extensions.swift */ = {isa = PBXFileReference; lastKnownFileType = sourcecode.swift; path = Extensions.swift; sourceTree = "<group>"; };
		DA7E12C028E87226001446CD /* BaseViewMethod.swift */ = {isa = PBXFileReference; lastKnownFileType = sourcecode.swift; path = BaseViewMethod.swift; sourceTree = "<group>"; };
		DAA3E94728E0A57B00C72994 /* DataStorage.swift */ = {isa = PBXFileReference; lastKnownFileType = sourcecode.swift; path = DataStorage.swift; sourceTree = "<group>"; };
		DAA3E94928E0C5AE00C72994 /* Tools.swift */ = {isa = PBXFileReference; lastKnownFileType = sourcecode.swift; path = Tools.swift; sourceTree = "<group>"; };
		DAA3E94B28E0E61C00C72994 /* UpdatingUsersRepo.swift */ = {isa = PBXFileReference; lastKnownFileType = sourcecode.swift; path = UpdatingUsersRepo.swift; sourceTree = "<group>"; };
/* End PBXFileReference section */

/* Begin PBXFrameworksBuildPhase section */
		DA2D464F28E0687D006B4EF4 /* Frameworks */ = {
			isa = PBXFrameworksBuildPhase;
			buildActionMask = 2147483647;
			files = (
			);
			runOnlyForDeploymentPostprocessing = 0;
		};
		DA2D466528E0687E006B4EF4 /* Frameworks */ = {
			isa = PBXFrameworksBuildPhase;
			buildActionMask = 2147483647;
			files = (
			);
			runOnlyForDeploymentPostprocessing = 0;
		};
		DA2D466F28E0687E006B4EF4 /* Frameworks */ = {
			isa = PBXFrameworksBuildPhase;
			buildActionMask = 2147483647;
			files = (
			);
			runOnlyForDeploymentPostprocessing = 0;
		};
/* End PBXFrameworksBuildPhase section */

/* Begin PBXGroup section */
		DA2D464928E0687D006B4EF4 = {
			isa = PBXGroup;
			children = (
				DA2D465428E0687D006B4EF4 /* DemoRestfulApi */,
				DA2D466B28E0687E006B4EF4 /* DemoRestfulApiTests */,
				DA2D467528E0687E006B4EF4 /* DemoRestfulApiUITests */,
				DA2D465328E0687D006B4EF4 /* Products */,
			);
			sourceTree = "<group>";
		};
		DA2D465328E0687D006B4EF4 /* Products */ = {
			isa = PBXGroup;
			children = (
				DA2D465228E0687D006B4EF4 /* DemoRestfulApi.app */,
				DA2D466828E0687E006B4EF4 /* DemoRestfulApiTests.xctest */,
				DA2D467228E0687E006B4EF4 /* DemoRestfulApiUITests.xctest */,
			);
			name = Products;
			sourceTree = "<group>";
		};
		DA2D465428E0687D006B4EF4 /* DemoRestfulApi */ = {
			isa = PBXGroup;
			children = (
				DA2D469E28E08686006B4EF4 /* View */,
				DA2D469128E08676006B4EF4 /* Application */,
				DA2D469328E08676006B4EF4 /* Model */,
				DA2D469728E08676006B4EF4 /* Repo */,
				DA2D46AD28E087AD006B4EF4 /* Image */,
				DA2D465928E0687D006B4EF4 /* ViewController.swift */,
				DA2D465E28E0687E006B4EF4 /* Assets.xcassets */,
				DA2D466028E0687E006B4EF4 /* LaunchScreen.storyboard */,
				DA2D466328E0687E006B4EF4 /* Info.plist */,
			);
			path = DemoRestfulApi;
			sourceTree = "<group>";
		};
		DA2D466B28E0687E006B4EF4 /* DemoRestfulApiTests */ = {
			isa = PBXGroup;
			children = (
				DA2D466C28E0687E006B4EF4 /* DemoRestfulApiTests.swift */,
			);
			path = DemoRestfulApiTests;
			sourceTree = "<group>";
		};
		DA2D467528E0687E006B4EF4 /* DemoRestfulApiUITests */ = {
			isa = PBXGroup;
			children = (
				DA2D467628E0687E006B4EF4 /* DemoRestfulApiUITests.swift */,
				DA2D467828E0687E006B4EF4 /* DemoRestfulApiUITestsLaunchTests.swift */,
			);
			path = DemoRestfulApiUITests;
			sourceTree = "<group>";
		};
		DA2D469128E08676006B4EF4 /* Application */ = {
			isa = PBXGroup;
			children = (
				DA2D465528E0687D006B4EF4 /* AppDelegate.swift */,
				DA2D469228E08676006B4EF4 /* AppProperties.swift */,
			);
			path = Application;
			sourceTree = "<group>";
		};
		DA2D469328E08676006B4EF4 /* Model */ = {
			isa = PBXGroup;
			children = (
				DA2D46AB28E08775006B4EF4 /* Observerable.swift */,
				DA2D469428E08676006B4EF4 /* ApiService.swift */,
				DA2D469528E08676006B4EF4 /* HTTPMethod.swift */,
				DA2D469628E08676006B4EF4 /* WebService.swift */,
				DA2D46B028E0890F006B4EF4 /* BaseViewController.swift */,
				DA7E12C028E87226001446CD /* BaseViewMethod.swift */,
				DA2D46B428E095CE006B4EF4 /* Extensions.swift */,
				DAA3E94728E0A57B00C72994 /* DataStorage.swift */,
				DAA3E94928E0C5AE00C72994 /* Tools.swift */,
			);
			path = Model;
			sourceTree = "<group>";
		};
		DA2D469728E08676006B4EF4 /* Repo */ = {
			isa = PBXGroup;
			children = (
				DA2D46B228E08FA9006B4EF4 /* LoginRepo.swift */,
				DAA3E94B28E0E61C00C72994 /* UpdatingUsersRepo.swift */,
				DA10AC5228E42B1B00D91EE5 /* UserRepo.swift */,
			);
			path = Repo;
			sourceTree = "<group>";
		};
		DA2D469E28E08686006B4EF4 /* View */ = {
			isa = PBXGroup;
			children = (
				DA2D469F28E086B8006B4EF4 /* UserView */,
				DA2D46A028E086BE006B4EF4 /* LoginView */,
				DA2D465B28E0687D006B4EF4 /* Main.storyboard */,
			);
			path = View;
			sourceTree = "<group>";
		};
		DA2D469F28E086B8006B4EF4 /* UserView */ = {
			isa = PBXGroup;
			children = (
				DA2D46A928E08753006B4EF4 /* UserViewModel.swift */,
				DA2D46A528E08735006B4EF4 /* UserViewController.swift */,
				DA2D46A728E0874A006B4EF4 /* UserViewController.xib */,
			);
			path = UserView;
			sourceTree = "<group>";
		};
		DA2D46A028E086BE006B4EF4 /* LoginView */ = {
			isa = PBXGroup;
			children = (
				DA2D46A128E08702006B4EF4 /* LoginViewController.swift */,
				DA2D46A328E08710006B4EF4 /* LoginViewModel.swift */,
			);
			path = LoginView;
			sourceTree = "<group>";
		};
		DA2D46AD28E087AD006B4EF4 /* Image */ = {
			isa = PBXGroup;
			children = (
				DA2D46AE28E087AD006B4EF4 /* good.png */,
			);
			path = Image;
			sourceTree = "<group>";
		};
/* End PBXGroup section */

/* Begin PBXNativeTarget section */
		DA2D465128E0687D006B4EF4 /* DemoRestfulApi */ = {
			isa = PBXNativeTarget;
			buildConfigurationList = DA2D467C28E0687E006B4EF4 /* Build configuration list for PBXNativeTarget "DemoRestfulApi" */;
			buildPhases = (
				DA2D464E28E0687D006B4EF4 /* Sources */,
				DA2D464F28E0687D006B4EF4 /* Frameworks */,
				DA2D465028E0687D006B4EF4 /* Resources */,
			);
			buildRules = (
			);
			dependencies = (
			);
			name = DemoRestfulApi;
			productName = DemoRestfulApi;
			productReference = DA2D465228E0687D006B4EF4 /* DemoRestfulApi.app */;
			productType = "com.apple.product-type.application";
		};
		DA2D466728E0687E006B4EF4 /* DemoRestfulApiTests */ = {
			isa = PBXNativeTarget;
			buildConfigurationList = DA2D467F28E0687E006B4EF4 /* Build configuration list for PBXNativeTarget "DemoRestfulApiTests" */;
			buildPhases = (
				DA2D466428E0687E006B4EF4 /* Sources */,
				DA2D466528E0687E006B4EF4 /* Frameworks */,
				DA2D466628E0687E006B4EF4 /* Resources */,
			);
			buildRules = (
			);
			dependencies = (
				DA2D466A28E0687E006B4EF4 /* PBXTargetDependency */,
			);
			name = DemoRestfulApiTests;
			productName = DemoRestfulApiTests;
			productReference = DA2D466828E0687E006B4EF4 /* DemoRestfulApiTests.xctest */;
			productType = "com.apple.product-type.bundle.unit-test";
		};
		DA2D467128E0687E006B4EF4 /* DemoRestfulApiUITests */ = {
			isa = PBXNativeTarget;
			buildConfigurationList = DA2D468228E0687E006B4EF4 /* Build configuration list for PBXNativeTarget "DemoRestfulApiUITests" */;
			buildPhases = (
				DA2D466E28E0687E006B4EF4 /* Sources */,
				DA2D466F28E0687E006B4EF4 /* Frameworks */,
				DA2D467028E0687E006B4EF4 /* Resources */,
			);
			buildRules = (
			);
			dependencies = (
				DA2D467428E0687E006B4EF4 /* PBXTargetDependency */,
			);
			name = DemoRestfulApiUITests;
			productName = DemoRestfulApiUITests;
			productReference = DA2D467228E0687E006B4EF4 /* DemoRestfulApiUITests.xctest */;
			productType = "com.apple.product-type.bundle.ui-testing";
		};
/* End PBXNativeTarget section */

/* Begin PBXProject section */
		DA2D464A28E0687D006B4EF4 /* Project object */ = {
			isa = PBXProject;
			attributes = {
				BuildIndependentTargetsInParallel = 1;
				LastSwiftUpdateCheck = 1330;
				LastUpgradeCheck = 1330;
				TargetAttributes = {
					DA2D465128E0687D006B4EF4 = {
						CreatedOnToolsVersion = 13.3.1;
					};
					DA2D466728E0687E006B4EF4 = {
						CreatedOnToolsVersion = 13.3.1;
						TestTargetID = DA2D465128E0687D006B4EF4;
					};
					DA2D467128E0687E006B4EF4 = {
						CreatedOnToolsVersion = 13.3.1;
						TestTargetID = DA2D465128E0687D006B4EF4;
					};
				};
			};
			buildConfigurationList = DA2D464D28E0687D006B4EF4 /* Build configuration list for PBXProject "DemoRestfulApi" */;
			compatibilityVersion = "Xcode 13.0";
			developmentRegion = en;
			hasScannedForEncodings = 0;
			knownRegions = (
				en,
				Base,
			);
			mainGroup = DA2D464928E0687D006B4EF4;
			productRefGroup = DA2D465328E0687D006B4EF4 /* Products */;
			projectDirPath = "";
			projectRoot = "";
			targets = (
				DA2D465128E0687D006B4EF4 /* DemoRestfulApi */,
				DA2D466728E0687E006B4EF4 /* DemoRestfulApiTests */,
				DA2D467128E0687E006B4EF4 /* DemoRestfulApiUITests */,
			);
		};
/* End PBXProject section */

/* Begin PBXResourcesBuildPhase section */
		DA2D465028E0687D006B4EF4 /* Resources */ = {
			isa = PBXResourcesBuildPhase;
			buildActionMask = 2147483647;
			files = (
				DA2D46A828E0874A006B4EF4 /* UserViewController.xib in Resources */,
				DA2D46AF28E087AD006B4EF4 /* good.png in Resources */,
				DA2D466228E0687E006B4EF4 /* LaunchScreen.storyboard in Resources */,
				DA2D465F28E0687E006B4EF4 /* Assets.xcassets in Resources */,
				DA2D465D28E0687D006B4EF4 /* Main.storyboard in Resources */,
			);
			runOnlyForDeploymentPostprocessing = 0;
		};
		DA2D466628E0687E006B4EF4 /* Resources */ = {
			isa = PBXResourcesBuildPhase;
			buildActionMask = 2147483647;
			files = (
			);
			runOnlyForDeploymentPostprocessing = 0;
		};
		DA2D467028E0687E006B4EF4 /* Resources */ = {
			isa = PBXResourcesBuildPhase;
			buildActionMask = 2147483647;
			files = (
			);
			runOnlyForDeploymentPostprocessing = 0;
		};
/* End PBXResourcesBuildPhase section */

/* Begin PBXSourcesBuildPhase section */
		DA2D464E28E0687D006B4EF4 /* Sources */ = {
			isa = PBXSourcesBuildPhase;
			buildActionMask = 2147483647;
			files = (
				DA2D46B128E0890F006B4EF4 /* BaseViewController.swift in Sources */,
				DA2D469C28E08676006B4EF4 /* WebService.swift in Sources */,
				DA2D46AA28E08753006B4EF4 /* UserViewModel.swift in Sources */,
				DA2D46A628E08735006B4EF4 /* UserViewController.swift in Sources */,
				DA2D469928E08676006B4EF4 /* AppProperties.swift in Sources */,
				DA2D465A28E0687D006B4EF4 /* ViewController.swift in Sources */,
				DA2D46AC28E08775006B4EF4 /* Observerable.swift in Sources */,
				DA7E12C128E87226001446CD /* BaseViewMethod.swift in Sources */,
				DA2D469A28E08676006B4EF4 /* ApiService.swift in Sources */,
				DAA3E94A28E0C5AE00C72994 /* Tools.swift in Sources */,
				DA2D46A228E08702006B4EF4 /* LoginViewController.swift in Sources */,
				DAA3E94C28E0E61C00C72994 /* UpdatingUsersRepo.swift in Sources */,
				DA2D46B528E095CE006B4EF4 /* Extensions.swift in Sources */,
				DAA3E94828E0A57B00C72994 /* DataStorage.swift in Sources */,
				DA2D469B28E08676006B4EF4 /* HTTPMethod.swift in Sources */,
				DA10AC5328E42B1B00D91EE5 /* UserRepo.swift in Sources */,
				DA2D46B328E08FA9006B4EF4 /* LoginRepo.swift in Sources */,
				DA2D465628E0687D006B4EF4 /* AppDelegate.swift in Sources */,
				DA2D46A428E08710006B4EF4 /* LoginViewModel.swift in Sources */,
			);
			runOnlyForDeploymentPostprocessing = 0;
		};
		DA2D466428E0687E006B4EF4 /* Sources */ = {
			isa = PBXSourcesBuildPhase;
			buildActionMask = 2147483647;
			files = (
				DA2D466D28E0687E006B4EF4 /* DemoRestfulApiTests.swift in Sources */,
			);
			runOnlyForDeploymentPostprocessing = 0;
		};
		DA2D466E28E0687E006B4EF4 /* Sources */ = {
			isa = PBXSourcesBuildPhase;
			buildActionMask = 2147483647;
			files = (
				DA2D467928E0687E006B4EF4 /* DemoRestfulApiUITestsLaunchTests.swift in Sources */,
				DA2D467728E0687E006B4EF4 /* DemoRestfulApiUITests.swift in Sources */,
			);
			runOnlyForDeploymentPostprocessing = 0;
		};
/* End PBXSourcesBuildPhase section */

/* Begin PBXTargetDependency section */
		DA2D466A28E0687E006B4EF4 /* PBXTargetDependency */ = {
			isa = PBXTargetDependency;
			target = DA2D465128E0687D006B4EF4 /* DemoRestfulApi */;
			targetProxy = DA2D466928E0687E006B4EF4 /* PBXContainerItemProxy */;
		};
		DA2D467428E0687E006B4EF4 /* PBXTargetDependency */ = {
			isa = PBXTargetDependency;
			target = DA2D465128E0687D006B4EF4 /* DemoRestfulApi */;
			targetProxy = DA2D467328E0687E006B4EF4 /* PBXContainerItemProxy */;
		};
/* End PBXTargetDependency section */

/* Begin PBXVariantGroup section */
		DA2D465B28E0687D006B4EF4 /* Main.storyboard */ = {
			isa = PBXVariantGroup;
			children = (
				DA2D465C28E0687D006B4EF4 /* Base */,
			);
			name = Main.storyboard;
			sourceTree = "<group>";
		};
		DA2D466028E0687E006B4EF4 /* LaunchScreen.storyboard */ = {
			isa = PBXVariantGroup;
			children = (
				DA2D466128E0687E006B4EF4 /* Base */,
			);
			name = LaunchScreen.storyboard;
			sourceTree = "<group>";
		};
/* End PBXVariantGroup section */

/* Begin XCBuildConfiguration section */
		DA2D467A28E0687E006B4EF4 /* Debug */ = {
			isa = XCBuildConfiguration;
			buildSettings = {
				ALWAYS_SEARCH_USER_PATHS = NO;
				CLANG_ANALYZER_NONNULL = YES;
				CLANG_ANALYZER_NUMBER_OBJECT_CONVERSION = YES_AGGRESSIVE;
				CLANG_CXX_LANGUAGE_STANDARD = "gnu++17";
				CLANG_ENABLE_MODULES = YES;
				CLANG_ENABLE_OBJC_ARC = YES;
				CLANG_ENABLE_OBJC_WEAK = YES;
				CLANG_WARN_BLOCK_CAPTURE_AUTORELEASING = YES;
				CLANG_WARN_BOOL_CONVERSION = YES;
				CLANG_WARN_COMMA = YES;
				CLANG_WARN_CONSTANT_CONVERSION = YES;
				CLANG_WARN_DEPRECATED_OBJC_IMPLEMENTATIONS = YES;
				CLANG_WARN_DIRECT_OBJC_ISA_USAGE = YES_ERROR;
				CLANG_WARN_DOCUMENTATION_COMMENTS = YES;
				CLANG_WARN_EMPTY_BODY = YES;
				CLANG_WARN_ENUM_CONVERSION = YES;
				CLANG_WARN_INFINITE_RECURSION = YES;
				CLANG_WARN_INT_CONVERSION = YES;
				CLANG_WARN_NON_LITERAL_NULL_CONVERSION = YES;
				CLANG_WARN_OBJC_IMPLICIT_RETAIN_SELF = YES;
				CLANG_WARN_OBJC_LITERAL_CONVERSION = YES;
				CLANG_WARN_OBJC_ROOT_CLASS = YES_ERROR;
				CLANG_WARN_QUOTED_INCLUDE_IN_FRAMEWORK_HEADER = YES;
				CLANG_WARN_RANGE_LOOP_ANALYSIS = YES;
				CLANG_WARN_STRICT_PROTOTYPES = YES;
				CLANG_WARN_SUSPICIOUS_MOVE = YES;
				CLANG_WARN_UNGUARDED_AVAILABILITY = YES_AGGRESSIVE;
				CLANG_WARN_UNREACHABLE_CODE = YES;
				CLANG_WARN__DUPLICATE_METHOD_MATCH = YES;
				COPY_PHASE_STRIP = NO;
				DEBUG_INFORMATION_FORMAT = dwarf;
				ENABLE_STRICT_OBJC_MSGSEND = YES;
				ENABLE_TESTABILITY = YES;
				GCC_C_LANGUAGE_STANDARD = gnu11;
				GCC_DYNAMIC_NO_PIC = NO;
				GCC_NO_COMMON_BLOCKS = YES;
				GCC_OPTIMIZATION_LEVEL = 0;
				GCC_PREPROCESSOR_DEFINITIONS = (
					"DEBUG=1",
					"$(inherited)",
				);
				GCC_WARN_64_TO_32_BIT_CONVERSION = YES;
				GCC_WARN_ABOUT_RETURN_TYPE = YES_ERROR;
				GCC_WARN_UNDECLARED_SELECTOR = YES;
				GCC_WARN_UNINITIALIZED_AUTOS = YES_AGGRESSIVE;
				GCC_WARN_UNUSED_FUNCTION = YES;
				GCC_WARN_UNUSED_VARIABLE = YES;
				IPHONEOS_DEPLOYMENT_TARGET = 15.4;
				MTL_ENABLE_DEBUG_INFO = INCLUDE_SOURCE;
				MTL_FAST_MATH = YES;
				ONLY_ACTIVE_ARCH = YES;
				SDKROOT = iphoneos;
				SWIFT_ACTIVE_COMPILATION_CONDITIONS = DEBUG;
				SWIFT_OPTIMIZATION_LEVEL = "-Onone";
			};
			name = Debug;
		};
		DA2D467B28E0687E006B4EF4 /* Release */ = {
			isa = XCBuildConfiguration;
			buildSettings = {
				ALWAYS_SEARCH_USER_PATHS = NO;
				CLANG_ANALYZER_NONNULL = YES;
				CLANG_ANALYZER_NUMBER_OBJECT_CONVERSION = YES_AGGRESSIVE;
				CLANG_CXX_LANGUAGE_STANDARD = "gnu++17";
				CLANG_ENABLE_MODULES = YES;
				CLANG_ENABLE_OBJC_ARC = YES;
				CLANG_ENABLE_OBJC_WEAK = YES;
				CLANG_WARN_BLOCK_CAPTURE_AUTORELEASING = YES;
				CLANG_WARN_BOOL_CONVERSION = YES;
				CLANG_WARN_COMMA = YES;
				CLANG_WARN_CONSTANT_CONVERSION = YES;
				CLANG_WARN_DEPRECATED_OBJC_IMPLEMENTATIONS = YES;
				CLANG_WARN_DIRECT_OBJC_ISA_USAGE = YES_ERROR;
				CLANG_WARN_DOCUMENTATION_COMMENTS = YES;
				CLANG_WARN_EMPTY_BODY = YES;
				CLANG_WARN_ENUM_CONVERSION = YES;
				CLANG_WARN_INFINITE_RECURSION = YES;
				CLANG_WARN_INT_CONVERSION = YES;
				CLANG_WARN_NON_LITERAL_NULL_CONVERSION = YES;
				CLANG_WARN_OBJC_IMPLICIT_RETAIN_SELF = YES;
				CLANG_WARN_OBJC_LITERAL_CONVERSION = YES;
				CLANG_WARN_OBJC_ROOT_CLASS = YES_ERROR;
				CLANG_WARN_QUOTED_INCLUDE_IN_FRAMEWORK_HEADER = YES;
				CLANG_WARN_RANGE_LOOP_ANALYSIS = YES;
				CLANG_WARN_STRICT_PROTOTYPES = YES;
				CLANG_WARN_SUSPICIOUS_MOVE = YES;
				CLANG_WARN_UNGUARDED_AVAILABILITY = YES_AGGRESSIVE;
				CLANG_WARN_UNREACHABLE_CODE = YES;
				CLANG_WARN__DUPLICATE_METHOD_MATCH = YES;
				COPY_PHASE_STRIP = NO;
				DEBUG_INFORMATION_FORMAT = "dwarf-with-dsym";
				ENABLE_NS_ASSERTIONS = NO;
				ENABLE_STRICT_OBJC_MSGSEND = YES;
				GCC_C_LANGUAGE_STANDARD = gnu11;
				GCC_NO_COMMON_BLOCKS = YES;
				GCC_WARN_64_TO_32_BIT_CONVERSION = YES;
				GCC_WARN_ABOUT_RETURN_TYPE = YES_ERROR;
				GCC_WARN_UNDECLARED_SELECTOR = YES;
				GCC_WARN_UNINITIALIZED_AUTOS = YES_AGGRESSIVE;
				GCC_WARN_UNUSED_FUNCTION = YES;
				GCC_WARN_UNUSED_VARIABLE = YES;
				IPHONEOS_DEPLOYMENT_TARGET = 15.4;
				MTL_ENABLE_DEBUG_INFO = NO;
				MTL_FAST_MATH = YES;
				SDKROOT = iphoneos;
				SWIFT_COMPILATION_MODE = wholemodule;
				SWIFT_OPTIMIZATION_LEVEL = "-O";
				VALIDATE_PRODUCT = YES;
			};
			name = Release;
		};
		DA2D467D28E0687E006B4EF4 /* Debug */ = {
			isa = XCBuildConfiguration;
			buildSettings = {
				ASSETCATALOG_COMPILER_APPICON_NAME = AppIcon;
				ASSETCATALOG_COMPILER_GLOBAL_ACCENT_COLOR_NAME = AccentColor;
				CODE_SIGN_STYLE = Automatic;
				CURRENT_PROJECT_VERSION = 1;
				DEVELOPMENT_TEAM = CF8A9NJS94;
				GENERATE_INFOPLIST_FILE = YES;
				INFOPLIST_FILE = DemoRestfulApi/Info.plist;
				INFOPLIST_KEY_UIApplicationSupportsIndirectInputEvents = YES;
				INFOPLIST_KEY_UILaunchStoryboardName = LaunchScreen;
				INFOPLIST_KEY_UIMainStoryboardFile = Main;
				INFOPLIST_KEY_UISupportedInterfaceOrientations_iPad = "UIInterfaceOrientationPortrait UIInterfaceOrientationPortraitUpsideDown UIInterfaceOrientationLandscapeLeft UIInterfaceOrientationLandscapeRight";
				INFOPLIST_KEY_UISupportedInterfaceOrientations_iPhone = "UIInterfaceOrientationPortrait UIInterfaceOrientationLandscapeLeft UIInterfaceOrientationLandscapeRight";
				LD_RUNPATH_SEARCH_PATHS = (
					"$(inherited)",
					"@executable_path/Frameworks",
				);
				MARKETING_VERSION = 1.0;
				PRODUCT_BUNDLE_IDENTIFIER = com.pujie.DemoRestfulApi;
				PRODUCT_NAME = "$(TARGET_NAME)";
				SWIFT_EMIT_LOC_STRINGS = YES;
				SWIFT_VERSION = 5.0;
				TARGETED_DEVICE_FAMILY = "1,2";
			};
			name = Debug;
		};
		DA2D467E28E0687E006B4EF4 /* Release */ = {
			isa = XCBuildConfiguration;
			buildSettings = {
				ASSETCATALOG_COMPILER_APPICON_NAME = AppIcon;
				ASSETCATALOG_COMPILER_GLOBAL_ACCENT_COLOR_NAME = AccentColor;
				CODE_SIGN_STYLE = Automatic;
				CURRENT_PROJECT_VERSION = 1;
				DEVELOPMENT_TEAM = CF8A9NJS94;
				GENERATE_INFOPLIST_FILE = YES;
				INFOPLIST_FILE = DemoRestfulApi/Info.plist;
				INFOPLIST_KEY_UIApplicationSupportsIndirectInputEvents = YES;
				INFOPLIST_KEY_UILaunchStoryboardName = LaunchScreen;
				INFOPLIST_KEY_UIMainStoryboardFile = Main;
				INFOPLIST_KEY_UISupportedInterfaceOrientations_iPad = "UIInterfaceOrientationPortrait UIInterfaceOrientationPortraitUpsideDown UIInterfaceOrientationLandscapeLeft UIInterfaceOrientationLandscapeRight";
				INFOPLIST_KEY_UISupportedInterfaceOrientations_iPhone = "UIInterfaceOrientationPortrait UIInterfaceOrientationLandscapeLeft UIInterfaceOrientationLandscapeRight";
				LD_RUNPATH_SEARCH_PATHS = (
					"$(inherited)",
					"@executable_path/Frameworks",
				);
				MARKETING_VERSION = 1.0;
				PRODUCT_BUNDLE_IDENTIFIER = com.pujie.DemoRestfulApi;
				PRODUCT_NAME = "$(TARGET_NAME)";
				SWIFT_EMIT_LOC_STRINGS = YES;
				SWIFT_VERSION = 5.0;
				TARGETED_DEVICE_FAMILY = "1,2";
			};
			name = Release;
		};
		DA2D468028E0687E006B4EF4 /* Debug */ = {
			isa = XCBuildConfiguration;
			buildSettings = {
				ALWAYS_EMBED_SWIFT_STANDARD_LIBRARIES = YES;
				BUNDLE_LOADER = "$(TEST_HOST)";
				CODE_SIGN_STYLE = Automatic;
				CURRENT_PROJECT_VERSION = 1;
				DEVELOPMENT_TEAM = CF8A9NJS94;
				GENERATE_INFOPLIST_FILE = YES;
				IPHONEOS_DEPLOYMENT_TARGET = 15.4;
				MARKETING_VERSION = 1.0;
				PRODUCT_BUNDLE_IDENTIFIER = com.pujie.DemoRestfulApiTests;
				PRODUCT_NAME = "$(TARGET_NAME)";
				SWIFT_EMIT_LOC_STRINGS = NO;
				SWIFT_VERSION = 5.0;
				TARGETED_DEVICE_FAMILY = "1,2";
				TEST_HOST = "$(BUILT_PRODUCTS_DIR)/DemoRestfulApi.app/DemoRestfulApi";
			};
			name = Debug;
		};
		DA2D468128E0687E006B4EF4 /* Release */ = {
			isa = XCBuildConfiguration;
			buildSettings = {
				ALWAYS_EMBED_SWIFT_STANDARD_LIBRARIES = YES;
				BUNDLE_LOADER = "$(TEST_HOST)";
				CODE_SIGN_STYLE = Automatic;
				CURRENT_PROJECT_VERSION = 1;
				DEVELOPMENT_TEAM = CF8A9NJS94;
				GENERATE_INFOPLIST_FILE = YES;
				IPHONEOS_DEPLOYMENT_TARGET = 15.4;
				MARKETING_VERSION = 1.0;
				PRODUCT_BUNDLE_IDENTIFIER = com.pujie.DemoRestfulApiTests;
				PRODUCT_NAME = "$(TARGET_NAME)";
				SWIFT_EMIT_LOC_STRINGS = NO;
				SWIFT_VERSION = 5.0;
				TARGETED_DEVICE_FAMILY = "1,2";
				TEST_HOST = "$(BUILT_PRODUCTS_DIR)/DemoRestfulApi.app/DemoRestfulApi";
			};
			name = Release;
		};
		DA2D468328E0687E006B4EF4 /* Debug */ = {
			isa = XCBuildConfiguration;
			buildSettings = {
				ALWAYS_EMBED_SWIFT_STANDARD_LIBRARIES = YES;
				CODE_SIGN_STYLE = Automatic;
				CURRENT_PROJECT_VERSION = 1;
				DEVELOPMENT_TEAM = CF8A9NJS94;
				GENERATE_INFOPLIST_FILE = YES;
				MARKETING_VERSION = 1.0;
				PRODUCT_BUNDLE_IDENTIFIER = com.pujie.DemoRestfulApiUITests;
				PRODUCT_NAME = "$(TARGET_NAME)";
				SWIFT_EMIT_LOC_STRINGS = NO;
				SWIFT_VERSION = 5.0;
				TARGETED_DEVICE_FAMILY = "1,2";
				TEST_TARGET_NAME = DemoRestfulApi;
			};
			name = Debug;
		};
		DA2D468428E0687E006B4EF4 /* Release */ = {
			isa = XCBuildConfiguration;
			buildSettings = {
				ALWAYS_EMBED_SWIFT_STANDARD_LIBRARIES = YES;
				CODE_SIGN_STYLE = Automatic;
				CURRENT_PROJECT_VERSION = 1;
				DEVELOPMENT_TEAM = CF8A9NJS94;
				GENERATE_INFOPLIST_FILE = YES;
				MARKETING_VERSION = 1.0;
				PRODUCT_BUNDLE_IDENTIFIER = com.pujie.DemoRestfulApiUITests;
				PRODUCT_NAME = "$(TARGET_NAME)";
				SWIFT_EMIT_LOC_STRINGS = NO;
				SWIFT_VERSION = 5.0;
				TARGETED_DEVICE_FAMILY = "1,2";
				TEST_TARGET_NAME = DemoRestfulApi;
			};
			name = Release;
		};
/* End XCBuildConfiguration section */

/* Begin XCConfigurationList section */
		DA2D464D28E0687D006B4EF4 /* Build configuration list for PBXProject "DemoRestfulApi" */ = {
			isa = XCConfigurationList;
			buildConfigurations = (
				DA2D467A28E0687E006B4EF4 /* Debug */,
				DA2D467B28E0687E006B4EF4 /* Release */,
			);
			defaultConfigurationIsVisible = 0;
			defaultConfigurationName = Release;
		};
		DA2D467C28E0687E006B4EF4 /* Build configuration list for PBXNativeTarget "DemoRestfulApi" */ = {
			isa = XCConfigurationList;
			buildConfigurations = (
				DA2D467D28E0687E006B4EF4 /* Debug */,
				DA2D467E28E0687E006B4EF4 /* Release */,
			);
			defaultConfigurationIsVisible = 0;
			defaultConfigurationName = Release;
		};
		DA2D467F28E0687E006B4EF4 /* Build configuration list for PBXNativeTarget "DemoRestfulApiTests" */ = {
			isa = XCConfigurationList;
			buildConfigurations = (
				DA2D468028E0687E006B4EF4 /* Debug */,
				DA2D468128E0687E006B4EF4 /* Release */,
			);
			defaultConfigurationIsVisible = 0;
			defaultConfigurationName = Release;
		};
		DA2D468228E0687E006B4EF4 /* Build configuration list for PBXNativeTarget "DemoRestfulApiUITests" */ = {
			isa = XCConfigurationList;
			buildConfigurations = (
				DA2D468328E0687E006B4EF4 /* Debug */,
				DA2D468428E0687E006B4EF4 /* Release */,
			);
			defaultConfigurationIsVisible = 0;
			defaultConfigurationName = Release;
		};
/* End XCConfigurationList section */
	};
	rootObject = DA2D464A28E0687D006B4EF4 /* Project object */;
}
